
Microsoft Visual Studio Solution File, Format Version 12.00
# Visual Studio Version 17
VisualStudioVersion = 17.7.34031.279
MinimumVisualStudioVersion = 10.0.40219.1
Project("{9A19103F-16F7-4668-BE54-9A1E7A4F7556}") = "CRECT2", "CRECT2\CRECT2.csproj", "{5DDA766B-759B-4D8D-BEAC-EBA9474B534F}"
EndProject
Global
	GlobalSection(SolutionConfigurationPlatforms) = preSolution
		Debug|Any CPU = Debug|Any CPU
		Release|Any CPU = Release|Any CPU
	EndGlobalSection
	GlobalSection(ProjectConfigurationPlatforms) = postSolution
		{5DDA766B-759B-4D8D-BEAC-EBA9474B534F}.Debug|Any CPU.ActiveCfg = Debug|Any CPU
		{5DDA766B-759B-4D8D-BEAC-EBA9474B534F}.Debug|Any CPU.Build.0 = Debug|Any CPU
		{5DDA766B-759B-4D8D-BEAC-EBA9474B534F}.Release|Any CPU.ActiveCfg = Release|Any CPU
		{5DDA766B-759B-4D8D-BEAC-EBA9474B534F}.Release|Any CPU.Build.0 = Release|Any CPU
	EndGlobalSection
	GlobalSection(SolutionProperties) = preSolution
		HideSolutionNode = FALSE
	EndGlobalSection
	GlobalSection(ExtensibilityGlobals) = postSolution
		SolutionGuid = {36EB5680-1D23-4F6D-B99B-9E7426962B94}
	EndGlobalSection
EndGlobal
